Microsoft Visual Studio Solution File, Format Version 9.00
# Visual Studio 2005
Project("{FAE04EC0-301F-11D3-BF4B-00C04F79EFBC}") = "WindowsApplication8", "WindowsApplication8\WindowsApplication8.csproj", "{91863F6C-F20D-4596-B613-B24C95CCD18E}"
EndProject
Global
	GlobalSection(SolutionConfigurationPlatforms) = preSolution
		Debug|Any CPU = Debug|Any CPU
		Release|Any CPU = Release|Any CPU
	EndGlobalSection
	GlobalSection(ProjectConfigurationPlatforms) = postSolution
		{91863F6C-F20D-4596-B613-B24C95CCD18E}.Debug|Any CPU.ActiveCfg = Debug|x86
		{91863F6C-F20D-4596-B613-B24C95CCD18E}.Debug|Any CPU.Build.0 = Debug|x86
		{91863F6C-F20D-4596-B613-B24C95CCD18E}.Release|Any CPU.ActiveCfg = Release|Any CPU
		{91863F6C-F20D-4596-B613-B24C95CCD18E}.Release|Any CPU.Build.0 = Release|Any CPU
	EndGlobalSection
	GlobalSection(SolutionProperties) = preSolution
		HideSolutionNode = FALSE
	EndGlobalSection
EndGlobal
